
Microsoft Visual Studio Solution File, Format Version 12.00
# Visual Studio 15
VisualStudioVersion = 15.0.26730.16
MinimumVisualStudioVersion = 10.0.40219.1
Project("{FAE04EC0-301F-11D3-BF4B-00C04F79EFBC}") = "GraphX_test", "GraphX_test\GraphX_test.csproj", "{5FD497FA-59CB-46A9-9289-F2B26603FD0E}"
EndProject
Project("{FAE04EC0-301F-11D3-BF4B-00C04F79EFBC}") = "Automation.Core", "Automation.Core\Automation.Core.csproj", "{4580885E-B4C1-4424-9146-EEF64D97159E}"
EndProject
Project("{FAE04EC0-301F-11D3-BF4B-00C04F79EFBC}") = "Automation.Test.Plugin", "Automation.Test.Plugin\Automation.Test.Plugin.csproj", "{E38255B7-1D38-425B-883B-BCEB6C1617D6}"
EndProject
Global
	GlobalSection(SolutionConfigurationPlatforms) = preSolution
		Debug|Any CPU = Debug|Any CPU
		Release|Any CPU = Release|Any CPU
	EndGlobalSection
	GlobalSection(ProjectConfigurationPlatforms) = postSolution
		{5FD497FA-59CB-46A9-9289-F2B26603FD0E}.Debug|Any CPU.ActiveCfg = Debug|Any CPU
		{5FD497FA-59CB-46A9-9289-F2B26603FD0E}.Debug|Any CPU.Build.0 = Debug|Any CPU
		{5FD497FA-59CB-46A9-9289-F2B26603FD0E}.Release|Any CPU.ActiveCfg = Release|Any CPU
		{5FD497FA-59CB-46A9-9289-F2B26603FD0E}.Release|Any CPU.Build.0 = Release|Any CPU
		{4580885E-B4C1-4424-9146-EEF64D97159E}.Debug|Any CPU.ActiveCfg = Debug|Any CPU
		{4580885E-B4C1-4424-9146-EEF64D97159E}.Debug|Any CPU.Build.0 = Debug|Any CPU
		{4580885E-B4C1-4424-9146-EEF64D97159E}.Release|Any CPU.ActiveCfg = Release|Any CPU
		{4580885E-B4C1-4424-9146-EEF64D97159E}.Release|Any CPU.Build.0 = Release|Any CPU
		{E38255B7-1D38-425B-883B-BCEB6C1617D6}.Debug|Any CPU.ActiveCfg = Debug|Any CPU
		{E38255B7-1D38-425B-883B-BCEB6C1617D6}.Debug|Any CPU.Build.0 = Debug|Any CPU
		{E38255B7-1D38-425B-883B-BCEB6C1617D6}.Release|Any CPU.ActiveCfg = Release|Any CPU
		{E38255B7-1D38-425B-883B-BCEB6C1617D6}.Release|Any CPU.Build.0 = Release|Any CPU
	EndGlobalSection
	GlobalSection(SolutionProperties) = preSolution
		HideSolutionNode = FALSE
	EndGlobalSection
	GlobalSection(ExtensibilityGlobals) = postSolution
		SolutionGuid = {B0F702DE-D9F5-41BB-AEB3-2FDA8C4F2207}
	EndGlobalSection
EndGlobal
